<?xml version="1.0" encoding="utf-8"?>
<Project ToolsVersion="4.0" xmlns="http://schemas.microsoft.com/developer/msbuild/2003">
  <ItemGroup>
    <Filter Include="Source Files">
      <UniqueIdentifier>{4FC737F1-C7A5-4376-A066-2A32D752A2FF}</UniqueIdentifier>
      <Extensions>cpp;c;cc;cxx;def;odl;idl;hpj;bat;asm;asmx</Extensions>
    </Filter>
    <Filter Include="Header Files">
      <UniqueIdentifier>{93995380-89BD-4b04-88EB-625FBE52EBFB}</UniqueIdentifier>
      <Extensions>h;hh;hpp;hxx;hm;inl;inc;ipp;xsd</Extensions>
    </Filter>
    <Filter Include="Resource Files">
      <UniqueIdentifier>{67DA6AB6-F800-4c08-8B7A-83BB121AAD01}</UniqueIdentifier>
      <Extensions>rc;ico;cur;bmp;dlg;rc2;rct;bin;rgs;gif;jpg;jpeg;jpe;resx;tiff;tif;png;wav;mfcribbon-ms</Extensions>
    </Filter>
  </ItemGroup>
  <ItemGroup>
    <ClCompile Include="debug.cpp">
      <Filter>Source Files</Filter>
    </ClCompile>
    <ClCompile Include="Game.cpp">
      <Filter>Source Files</Filter>
    </ClCompile>
    <ClCompile Include="main.cpp">
      <Filter>Source Files</Filter>
    </ClCompile>
    <ClCompile Include="Textures.cpp">
      <Filter>Source Files</Filter>
    </ClCompile>
    <ClCompile Include="GameObject.cpp">
      <Filter>Source Files</Filter>
    </ClCompile>
    <ClCompile Include="Sprites.cpp">
      <Filter>Source Files</Filter>
    </ClCompile>
    <ClCompile Include="Simon.cpp">
      <Filter>Source Files</Filter>
    </ClCompile>
    <ClCompile Include="TileMap.cpp">
      <Filter>Source Files</Filter>
    </ClCompile>
    <ClCompile Include="Viewport.cpp">
      <Filter>Source Files</Filter>
    </ClCompile>
    <ClCompile Include="Whip.cpp">
      <Filter>Source Files</Filter>
    </ClCompile>
    <ClCompile Include="Torch.cpp">
      <Filter>Source Files</Filter>
    </ClCompile>
    <ClCompile Include="Weapon.cpp">
      <Filter>Source Files</Filter>
    </ClCompile>
    <ClCompile Include="LargeHeart.cpp">
      <Filter>Source Files</Filter>
    </ClCompile>
    <ClCompile Include="WhipUpgrade.cpp">
      <Filter>Source Files</Filter>
    </ClCompile>
    <ClCompile Include="DaggerItem.cpp">
      <Filter>Source Files</Filter>
    </ClCompile>
    <ClCompile Include="Dagger.cpp">
      <Filter>Source Files</Filter>
    </ClCompile>
    <ClCompile Include="Portal.cpp">
      <Filter>Source Files</Filter>
    </ClCompile>
    <ClCompile Include="HUD.cpp">
      <Filter>Source Files</Filter>
    </ClCompile>
    <ClCompile Include="Text.cpp">
      <Filter>Source Files</Filter>
    </ClCompile>
    <ClCompile Include="Wall.cpp">
      <Filter>Source Files</Filter>
    </ClCompile>
    <ClCompile Include="Candle.cpp">
      <Filter>Source Files</Filter>
    </ClCompile>
    <ClCompile Include="Item.cpp">
      <Filter>Source Files</Filter>
    </ClCompile>
    <ClCompile Include="SmallHeart.cpp">
      <Filter>Source Files</Filter>
    </ClCompile>
    <ClCompile Include="GroundObject.cpp">
      <Filter>Source Files</Filter>
    </ClCompile>
    <ClCompile Include="Axe.cpp">
      <Filter>Source Files</Filter>
    </ClCompile>
    <ClCompile Include="HolyWater.cpp">
      <Filter>Source Files</Filter>
    </ClCompile>
    <ClCompile Include="Stair.cpp">
      <Filter>Source Files</Filter>
    </ClCompile>
    <ClCompile Include="Enemy.cpp">
      <Filter>Source Files</Filter>
    </ClCompile>
    <ClCompile Include="Panther.cpp">
      <Filter>Source Files</Filter>
    </ClCompile>
    <ClCompile Include="MapSet.cpp">
      <Filter>Source Files</Filter>
    </ClCompile>
    <ClCompile Include="Ghoul.cpp">
      <Filter>Source Files</Filter>
    </ClCompile>
    <ClCompile Include="EnemySpawner.cpp">
      <Filter>Source Files</Filter>
    </ClCompile>
    <ClCompile Include="Bat.cpp">
      <Filter>Source Files</Filter>
    </ClCompile>
    <ClCompile Include="Fishman.cpp">
      <Filter>Source Files</Filter>
    </ClCompile>
    <ClCompile Include="Bullet.cpp">
      <Filter>Source Files</Filter>
    </ClCompile>
    <ClCompile Include="AxeItem.cpp">
      <Filter>Source Files</Filter>
    </ClCompile>
    <ClCompile Include="HolyWaterPotion.cpp">
      <Filter>Source Files</Filter>
    </ClCompile>
    <ClCompile Include="CrossItem.cpp">
      <Filter>Source Files</Filter>
    </ClCompile>
    <ClCompile Include="Effect.cpp">
      <Filter>Source Files</Filter>
    </ClCompile>
    <ClCompile Include="WaterEffect.cpp">
      <Filter>Source Files</Filter>
    </ClCompile>
    <ClCompile Include="Water.cpp">
      <Filter>Source Files</Filter>
    </ClCompile>
    <ClCompile Include="Door.cpp">
      <Filter>Source Files</Filter>
    </ClCompile>
    <ClCompile Include="PhantomBat.cpp">
      <Filter>Source Files</Filter>
    </ClCompile>
    <ClCompile Include="StopwatchItem.cpp">
      <Filter>Source Files</Filter>
    </ClCompile>
    <ClCompile Include="Boomerang.cpp">
      <Filter>Source Files</Filter>
    </ClCompile>
    <ClCompile Include="BoomerangItem.cpp">
      <Filter>Source Files</Filter>
    </ClCompile>
    <ClCompile Include="InvincibilityPotion.cpp">
      <Filter>Source Files</Filter>
    </ClCompile>
    <ClCompile Include="MoneyBag.cpp">
      <Filter>Source Files</Filter>
    </ClCompile>
  </ItemGroup>
  <ItemGroup>
    <ClInclude Include="debug.h">
      <Filter>Header Files</Filter>
    </ClInclude>
    <ClInclude Include="Textures.h">
      <Filter>Header Files</Filter>
    </ClInclude>
    <ClInclude Include="Game.h">
      <Filter>Header Files</Filter>
    </ClInclude>
    <ClInclude Include="GameObject.h">
      <Filter>Header Files</Filter>
    </ClInclude>
    <ClInclude Include="Sprites.h">
      <Filter>Header Files</Filter>
    </ClInclude>
    <ClInclude Include="Simon.h">
      <Filter>Header Files</Filter>
    </ClInclude>
    <ClInclude Include="TileMap.h">
      <Filter>Header Files</Filter>
    </ClInclude>
    <ClInclude Include="json.hpp">
      <Filter>Header Files</Filter>
    </ClInclude>
    <ClInclude Include="Viewport.h">
      <Filter>Header Files</Filter>
    </ClInclude>
    <ClInclude Include="Whip.h">
      <Filter>Header Files</Filter>
    </ClInclude>
    <ClInclude Include="Torch.h">
      <Filter>Header Files</Filter>
    </ClInclude>
    <ClInclude Include="define.h">
      <Filter>Header Files</Filter>
    </ClInclude>
    <ClInclude Include="Weapon.h">
      <Filter>Header Files</Filter>
    </ClInclude>
    <ClInclude Include="LargeHeart.h">
      <Filter>Header Files</Filter>
    </ClInclude>
    <ClInclude Include="WhipUpgrade.h">
      <Filter>Header Files</Filter>
    </ClInclude>
    <ClInclude Include="DaggerItem.h">
      <Filter>Header Files</Filter>
    </ClInclude>
    <ClInclude Include="Dagger.h">
      <Filter>Header Files</Filter>
    </ClInclude>
    <ClInclude Include="Portal.h">
      <Filter>Header Files</Filter>
    </ClInclude>
    <ClInclude Include="HUD.h">
      <Filter>Header Files</Filter>
    </ClInclude>
    <ClInclude Include="Text.h">
      <Filter>Header Files</Filter>
    </ClInclude>
    <ClInclude Include="Wall.h">
      <Filter>Header Files</Filter>
    </ClInclude>
    <ClInclude Include="Candle.h">
      <Filter>Header Files</Filter>
    </ClInclude>
    <ClInclude Include="Item.h">
      <Filter>Header Files</Filter>
    </ClInclude>
    <ClInclude Include="SmallHeart.h">
      <Filter>Header Files</Filter>
    </ClInclude>
    <ClInclude Include="GroundObject.h">
      <Filter>Header Files</Filter>
    </ClInclude>
    <ClInclude Include="Axe.h">
      <Filter>Header Files</Filter>
    </ClInclude>
    <ClInclude Include="HolyWater.h">
      <Filter>Header Files</Filter>
    </ClInclude>
    <ClInclude Include="Stair.h">
      <Filter>Header Files</Filter>
    </ClInclude>
    <ClInclude Include="Enemy.h">
      <Filter>Header Files</Filter>
    </ClInclude>
    <ClInclude Include="Panther.h">
      <Filter>Header Files</Filter>
    </ClInclude>
    <ClInclude Include="MapSet.h">
      <Filter>Header Files</Filter>
    </ClInclude>
    <ClInclude Include="Ghoul.h">
      <Filter>Header Files</Filter>
    </ClInclude>
    <ClInclude Include="EnemySpawner.h">
      <Filter>Header Files</Filter>
    </ClInclude>
    <ClInclude Include="Bat.h">
      <Filter>Header Files</Filter>
    </ClInclude>
    <ClInclude Include="Fishman.h">
      <Filter>Header Files</Filter>
    </ClInclude>
    <ClInclude Include="Bullet.h">
      <Filter>Header Files</Filter>
    </ClInclude>
    <ClInclude Include="AxeItem.h">
      <Filter>Header Files</Filter>
    </ClInclude>
    <ClInclude Include="HolyWaterPotion.h">
      <Filter>Header Files</Filter>
    </ClInclude>
    <ClInclude Include="CrossItem.h">
      <Filter>Header Files</Filter>
    </ClInclude>
    <ClInclude Include="Effect.h">
      <Filter>Header Files</Filter>
    </ClInclude>
    <ClInclude Include="WaterEffect.h">
      <Filter>Header Files</Filter>
    </ClInclude>
    <ClInclude Include="Water.h">
      <Filter>Header Files</Filter>
    </ClInclude>
    <ClInclude Include="Door.h">
      <Filter>Header Files</Filter>
    </ClInclude>
    <ClInclude Include="PhantomBat.h">
      <Filter>Header Files</Filter>
    </ClInclude>
    <ClInclude Include="StopwatchItem.h">
      <Filter>Header Files</Filter>
    </ClInclude>
    <ClInclude Include="Boomerang.h">
      <Filter>Header Files</Filter>
    </ClInclude>
    <ClInclude Include="BoomerangItem.h">
      <Filter>Header Files</Filter>
    </ClInclude>
    <ClInclude Include="InvincibilityPotion.h">
      <Filter>Header Files</Filter>
    </ClInclude>
    <ClInclude Include="MoneyBag.h">
      <Filter>Header Files</Filter>
    </ClInclude>
  </ItemGroup>
</Project>